
Microsoft Visual Studio Solution File, Format Version 12.00
# Visual Studio 15
VisualStudioVersion = 15.0.26430.13
MinimumVisualStudioVersion = 10.0.40219.1
Project("{FAE04EC0-301F-11D3-BF4B-00C04F79EFBC}") = "WebApplication1", "WebApplication1\WebApplication1.csproj", "{EEC24F1D-D152-4B67-A3EE-ACB455567710}"
EndProject
Project("{FAE04EC0-301F-11D3-BF4B-00C04F79EFBC}") = "WebApplication1Tests", "WebApplication1Tests\WebApplication1Tests.csproj", "{32C7DFF4-D15A-4CB6-97F4-11C4EE82A4B6}"
EndProject
Global
	GlobalSection(SolutionConfigurationPlatforms) = preSolution
		Debug|Any CPU = Debug|Any CPU
		Debug|ARM = Debug|ARM
		Debug|x64 = Debug|x64
		Debug|x86 = Debug|x86
		Release|Any CPU = Release|Any CPU
		Release|ARM = Release|ARM
		Release|x64 = Release|x64
		Release|x86 = Release|x86
	EndGlobalSection
	GlobalSection(ProjectConfigurationPlatforms) = postSolution
		{EEC24F1D-D152-4B67-A3EE-ACB455567710}.Debug|Any CPU.ActiveCfg = Debug|Any CPU
		{EEC24F1D-D152-4B67-A3EE-ACB455567710}.Debug|Any CPU.Build.0 = Debug|Any CPU
		{EEC24F1D-D152-4B67-A3EE-ACB455567710}.Debug|ARM.ActiveCfg = Debug|Any CPU
		{EEC24F1D-D152-4B67-A3EE-ACB455567710}.Debug|ARM.Build.0 = Debug|Any CPU
		{EEC24F1D-D152-4B67-A3EE-ACB455567710}.Debug|x64.ActiveCfg = Debug|Any CPU
		{EEC24F1D-D152-4B67-A3EE-ACB455567710}.Debug|x64.Build.0 = Debug|Any CPU
		{EEC24F1D-D152-4B67-A3EE-ACB455567710}.Debug|x86.ActiveCfg = Debug|Any CPU
		{EEC24F1D-D152-4B67-A3EE-ACB455567710}.Debug|x86.Build.0 = Debug|Any CPU
		{EEC24F1D-D152-4B67-A3EE-ACB455567710}.Release|Any CPU.ActiveCfg = Release|Any CPU
		{EEC24F1D-D152-4B67-A3EE-ACB455567710}.Release|Any CPU.Build.0 = Release|Any CPU
		{EEC24F1D-D152-4B67-A3EE-ACB455567710}.Release|ARM.ActiveCfg = Release|Any CPU
		{EEC24F1D-D152-4B67-A3EE-ACB455567710}.Release|ARM.Build.0 = Release|Any CPU
		{EEC24F1D-D152-4B67-A3EE-ACB455567710}.Release|x64.ActiveCfg = Release|Any CPU
		{EEC24F1D-D152-4B67-A3EE-ACB455567710}.Release|x64.Build.0 = Release|Any CPU
		{EEC24F1D-D152-4B67-A3EE-ACB455567710}.Release|x86.ActiveCfg = Release|Any CPU
		{EEC24F1D-D152-4B67-A3EE-ACB455567710}.Release|x86.Build.0 = Release|Any CPU
		{32C7DFF4-D15A-4CB6-97F4-11C4EE82A4B6}.Debug|Any CPU.ActiveCfg = Debug|Any CPU
		{32C7DFF4-D15A-4CB6-97F4-11C4EE82A4B6}.Debug|Any CPU.Build.0 = Debug|Any CPU
		{32C7DFF4-D15A-4CB6-97F4-11C4EE82A4B6}.Debug|ARM.ActiveCfg = Debug|Any CPU
		{32C7DFF4-D15A-4CB6-97F4-11C4EE82A4B6}.Debug|ARM.Build.0 = Debug|Any CPU
		{32C7DFF4-D15A-4CB6-97F4-11C4EE82A4B6}.Debug|x64.ActiveCfg = Debug|Any CPU
		{32C7DFF4-D15A-4CB6-97F4-11C4EE82A4B6}.Debug|x64.Build.0 = Debug|Any CPU
		{32C7DFF4-D15A-4CB6-97F4-11C4EE82A4B6}.Debug|x86.ActiveCfg = Debug|Any CPU
		{32C7DFF4-D15A-4CB6-97F4-11C4EE82A4B6}.Debug|x86.Build.0 = Debug|Any CPU
		{32C7DFF4-D15A-4CB6-97F4-11C4EE82A4B6}.Release|Any CPU.ActiveCfg = Release|Any CPU
		{32C7DFF4-D15A-4CB6-97F4-11C4EE82A4B6}.Release|Any CPU.Build.0 = Release|Any CPU
		{32C7DFF4-D15A-4CB6-97F4-11C4EE82A4B6}.Release|ARM.ActiveCfg = Release|Any CPU
		{32C7DFF4-D15A-4CB6-97F4-11C4EE82A4B6}.Release|ARM.Build.0 = Release|Any CPU
		{32C7DFF4-D15A-4CB6-97F4-11C4EE82A4B6}.Release|x64.ActiveCfg = Release|Any CPU
		{32C7DFF4-D15A-4CB6-97F4-11C4EE82A4B6}.Release|x64.Build.0 = Release|Any CPU
		{32C7DFF4-D15A-4CB6-97F4-11C4EE82A4B6}.Release|x86.ActiveCfg = Release|Any CPU
		{32C7DFF4-D15A-4CB6-97F4-11C4EE82A4B6}.Release|x86.Build.0 = Release|Any CPU
	EndGlobalSection
	GlobalSection(SolutionProperties) = preSolution
		HideSolutionNode = FALSE
	EndGlobalSection
EndGlobal
